
Microsoft Visual Studio Solution File, Format Version 12.00
# Visual Studio 15
VisualStudioVersion = 15.0.26228.4
MinimumVisualStudioVersion = 10.0.40219.1
Project("{FAE04EC0-301F-11D3-BF4B-00C04F79EFBC}") = "Common", "Common\Common.csproj", "{8005FFAB-810A-4608-9CBB-C1DDFD1B8D2E}"
EndProject
Project("{FAE04EC0-301F-11D3-BF4B-00C04F79EFBC}") = "UnitTest", "UnitTest\UnitTest.csproj", "{609C2F33-32E8-433E-83CE-78BEC078BFD3}"
EndProject
Global
	GlobalSection(SolutionConfigurationPlatforms) = preSolution
		Debug|Any CPU = Debug|Any CPU
		Debug|x86 = Debug|x86
		Release|Any CPU = Release|Any CPU
		Release|x86 = Release|x86
	EndGlobalSection
	GlobalSection(ProjectConfigurationPlatforms) = postSolution
		{8005FFAB-810A-4608-9CBB-C1DDFD1B8D2E}.Debug|Any CPU.ActiveCfg = Debug|Any CPU
		{8005FFAB-810A-4608-9CBB-C1DDFD1B8D2E}.Debug|Any CPU.Build.0 = Debug|Any CPU
		{8005FFAB-810A-4608-9CBB-C1DDFD1B8D2E}.Debug|x86.ActiveCfg = Debug|Any CPU
		{8005FFAB-810A-4608-9CBB-C1DDFD1B8D2E}.Debug|x86.Build.0 = Debug|Any CPU
		{8005FFAB-810A-4608-9CBB-C1DDFD1B8D2E}.Release|Any CPU.ActiveCfg = Release|Any CPU
		{8005FFAB-810A-4608-9CBB-C1DDFD1B8D2E}.Release|Any CPU.Build.0 = Release|Any CPU
		{8005FFAB-810A-4608-9CBB-C1DDFD1B8D2E}.Release|x86.ActiveCfg = Release|Any CPU
		{8005FFAB-810A-4608-9CBB-C1DDFD1B8D2E}.Release|x86.Build.0 = Release|Any CPU
		{609C2F33-32E8-433E-83CE-78BEC078BFD3}.Debug|Any CPU.ActiveCfg = Debug|Any CPU
		{609C2F33-32E8-433E-83CE-78BEC078BFD3}.Debug|Any CPU.Build.0 = Debug|Any CPU
		{609C2F33-32E8-433E-83CE-78BEC078BFD3}.Debug|x86.ActiveCfg = Debug|Any CPU
		{609C2F33-32E8-433E-83CE-78BEC078BFD3}.Debug|x86.Build.0 = Debug|Any CPU
		{609C2F33-32E8-433E-83CE-78BEC078BFD3}.Release|Any CPU.ActiveCfg = Release|Any CPU
		{609C2F33-32E8-433E-83CE-78BEC078BFD3}.Release|Any CPU.Build.0 = Release|Any CPU
		{609C2F33-32E8-433E-83CE-78BEC078BFD3}.Release|x86.ActiveCfg = Release|Any CPU
		{609C2F33-32E8-433E-83CE-78BEC078BFD3}.Release|x86.Build.0 = Release|Any CPU
	EndGlobalSection
	GlobalSection(SolutionProperties) = preSolution
		HideSolutionNode = FALSE
	EndGlobalSection
	GlobalSection(ExtensibilityGlobals) = postSolution
		SolutionGuid = {B99DE296-BA11-4328-AAC1-68CA8285D504}
	EndGlobalSection
EndGlobal
